// !$*UTF8*$!
{
	archiveVersion = 1;
	classes = {
	};
	objectVersion = 50;
	objects = {

/* Begin PBXBuildFile section */
		A098DF8D24A3237A009E6685 /* AppDelegate.swift in Sources */ = {isa = PBXBuildFile; fileRef = A098DF8C24A3237A009E6685 /* AppDelegate.swift */; };
		A098DF8F24A3237A009E6685 /* SceneDelegate.swift in Sources */ = {isa = PBXBuildFile; fileRef = A098DF8E24A3237A009E6685 /* SceneDelegate.swift */; };
		A098DF9124A3237A009E6685 /* ViewController.swift in Sources */ = {isa = PBXBuildFile; fileRef = A098DF9024A3237A009E6685 /* ViewController.swift */; };
		A098DF9424A3237A009E6685 /* Main.storyboard in Resources */ = {isa = PBXBuildFile; fileRef = A098DF9224A3237A009E6685 /* Main.storyboard */; };
		A098DF9624A3237D009E6685 /* Assets.xcassets in Resources */ = {isa = PBXBuildFile; fileRef = A098DF9524A3237D009E6685 /* Assets.xcassets */; };
		A098DF9924A3237D009E6685 /* LaunchScreen.storyboard in Resources */ = {isa = PBXBuildFile; fileRef = A098DF9724A3237D009E6685 /* LaunchScreen.storyboard */; };
		A098DFA124A323F2009E6685 /* Inceptionv3.mlmodel in Sources */ = {isa = PBXBuildFile; fileRef = A098DFA024A323F2009E6685 /* Inceptionv3.mlmodel */; };
/* End PBXBuildFile section */

/* Begin PBXFileReference section */
		A098DF8924A3237A009E6685 /* SeeFood.app */ = {isa = PBXFileReference; explicitFileType = wrapper.application; includeInIndex = 0; path = SeeFood.app; sourceTree = BUILT_PRODUCTS_DIR; };
		A098DF8C24A3237A009E6685 /* AppDelegate.swift */ = {isa = PBXFileReference; lastKnownFileType = sourcecode.swift; path = AppDelegate.swift; sourceTree = "<group>"; };
		A098DF8E24A3237A009E6685 /* SceneDelegate.swift */ = {isa = PBXFileReference; lastKnownFileType = sourcecode.swift; path = SceneDelegate.swift; sourceTree = "<group>"; };
		A098DF9024A3237A009E6685 /* ViewController.swift */ = {isa = PBXFileReference; lastKnownFileType = sourcecode.swift; path = ViewController.swift; sourceTree = "<group>"; };
		A098DF9324A3237A009E6685 /* Base */ = {isa = PBXFileReference; lastKnownFileType = file.storyboard; name = Base; path = Base.lproj/Main.storyboard; sourceTree = "<group>"; };
		A098DF9524A3237D009E6685 /* Assets.xcassets */ = {isa = PBXFileReference; lastKnownFileType = folder.assetcatalog; path = Assets.xcassets; sourceTree = "<group>"; };
		A098DF9824A3237D009E6685 /* Base */ = {isa = PBXFileReference; lastKnownFileType = file.storyboard; name = Base; path = Base.lproj/LaunchScreen.storyboard; sourceTree = "<group>"; };
		A098DF9A24A3237D009E6685 /* Info.plist */ = {isa = PBXFileReference; lastKnownFileType = text.plist.xml; path = Info.plist; sourceTree = "<group>"; };
		A098DFA024A323F2009E6685 /* Inceptionv3.mlmodel */ = {isa = PBXFileReference; lastKnownFileType = file.mlmodel; path = Inceptionv3.mlmodel; sourceTree = "<group>"; };
/* End PBXFileReference section */

/* Begin PBXFrameworksBuildPhase section */
		A098DF8624A3237A009E6685 /* Frameworks */ = {
			isa = PBXFrameworksBuildPhase;
			buildActionMask = 2147483647;
			files = (
			);
			runOnlyForDeploymentPostprocessing = 0;
		};
/* End PBXFrameworksBuildPhase section */

/* Begin PBXGroup section */
		A098DF8024A3237A009E6685 = {
			isa = PBXGroup;
			children = (
				A098DF8B24A3237A009E6685 /* SeeFood */,
				A098DF8A24A3237A009E6685 /* Products */,
			);
			sourceTree = "<group>";
		};
		A098DF8A24A3237A009E6685 /* Products */ = {
			isa = PBXGroup;
			children = (
				A098DF8924A3237A009E6685 /* SeeFood.app */,
			);
			name = Products;
			sourceTree = "<group>";
		};
		A098DF8B24A3237A009E6685 /* SeeFood */ = {
			isa = PBXGroup;
			children = (
				A098DFA024A323F2009E6685 /* Inceptionv3.mlmodel */,
				A098DF8C24A3237A009E6685 /* AppDelegate.swift */,
				A098DF8E24A3237A009E6685 /* SceneDelegate.swift */,
				A098DF9024A3237A009E6685 /* ViewController.swift */,
				A098DF9224A3237A009E6685 /* Main.storyboard */,
				A098DF9524A3237D009E6685 /* Assets.xcassets */,
				A098DF9724A3237D009E6685 /* LaunchScreen.storyboard */,
				A098DF9A24A3237D009E6685 /* Info.plist */,
			);
			path = SeeFood;
			sourceTree = "<group>";
		};
/* End PBXGroup section */

/* Begin PBXNativeTarget section */
		A098DF8824A3237A009E6685 /* SeeFood */ = {
			isa = PBXNativeTarget;
			buildConfigurationList = A098DF9D24A3237D009E6685 /* Build configuration list for PBXNativeTarget "SeeFood" */;
			buildPhases = (
				A098DF8524A3237A009E6685 /* Sources */,
				A098DF8624A3237A009E6685 /* Frameworks */,
				A098DF8724A3237A009E6685 /* Resources */,
			);
			buildRules = (
			);
			dependencies = (
			);
			name = SeeFood;
			productName = SeeFood;
			productReference = A098DF8924A3237A009E6685 /* SeeFood.app */;
			productType = "com.apple.product-type.application";
		};
/* End PBXNativeTarget section */

/* Begin PBXProject section */
		A098DF8124A3237A009E6685 /* Project object */ = {
			isa = PBXProject;
			attributes = {
				LastSwiftUpdateCheck = 1150;
				LastUpgradeCheck = 1150;
				ORGANIZATIONNAME = Areej;
				TargetAttributes = {
					A098DF8824A3237A009E6685 = {
						CreatedOnToolsVersion = 11.5;
					};
				};
			};
			buildConfigurationList = A098DF8424A3237A009E6685 /* Build configuration list for PBXProject "SeeFood" */;
			compatibilityVersion = "Xcode 9.3";
			developmentRegion = en;
			hasScannedForEncodings = 0;
			knownRegions = (
				en,
				Base,
			);
			mainGroup = A098DF8024A3237A009E6685;
			productRefGroup = A098DF8A24A3237A009E6685 /* Products */;
			projectDirPath = "";
			projectRoot = "";
			targets = (
				A098DF8824A3237A009E6685 /* SeeFood */,
			);
		};
/* End PBXProject section */

/* Begin PBXResourcesBuildPhase section */
		A098DF8724A3237A009E6685 /* Resources */ = {
			isa = PBXResourcesBuildPhase;
			buildActionMask = 2147483647;
			files = (
				A098DF9924A3237D009E6685 /* LaunchScreen.storyboard in Resources */,
				A098DF9624A3237D009E6685 /* Assets.xcassets in Resources */,
				A098DF9424A3237A009E6685 /* Main.storyboard in Resources */,
			);
			runOnlyForDeploymentPostprocessing = 0;
		};
/* End PBXResourcesBuildPhase section */

/* Begin PBXSourcesBuildPhase section */
		A098DF8524A3237A009E6685 /* Sources */ = {
			isa = PBXSourcesBuildPhase;
			buildActionMask = 2147483647;
			files = (
				A098DF9124A3237A009E6685 /* ViewController.swift in Sources */,
				A098DFA124A323F2009E6685 /* Inceptionv3.mlmodel in Sources */,
				A098DF8D24A3237A009E6685 /* AppDelegate.swift in Sources */,
				A098DF8F24A3237A009E6685 /* SceneDelegate.swift in Sources */,
			);
			runOnlyForDeploymentPostprocessing = 0;
		};
/* End PBXSourcesBuildPhase section */

/* Begin PBXVariantGroup section */
		A098DF9224A3237A009E6685 /* Main.storyboard */ = {
			isa = PBXVariantGroup;
			children = (
				A098DF9324A3237A009E6685 /* Base */,
			);
			name = Main.storyboard;
			sourceTree = "<group>";
		};
		A098DF9724A3237D009E6685 /* LaunchScreen.storyboard */ = {
			isa = PBXVariantGroup;
			children = (
				A098DF9824A3237D009E6685 /* Base */,
			);
			name = LaunchScreen.storyboard;
			sourceTree = "<group>";
		};
/* End PBXVariantGroup section */

/* Begin XCBuildConfiguration section */
		A098DF9B24A3237D009E6685 /* Debug */ = {
			isa = XCBuildConfiguration;
			buildSettings = {
				ALWAYS_SEARCH_USER_PATHS = NO;
				CLANG_ANALYZER_NONNULL = YES;
				CLANG_ANALYZER_NUMBER_OBJECT_CONVERSION = YES_AGGRESSIVE;
				CLANG_CXX_LANGUAGE_STANDARD = "gnu++14";
				CLANG_CXX_LIBRARY = "libc++";
				CLANG_ENABLE_MODULES = YES;
				CLANG_ENABLE_OBJC_ARC = YES;
				CLANG_ENABLE_OBJC_WEAK = YES;
				CLANG_WARN_BLOCK_CAPTURE_AUTORELEASING = YES;
				CLANG_WARN_BOOL_CONVERSION = YES;
				CLANG_WARN_COMMA = YES;
				CLANG_WARN_CONSTANT_CONVERSION = YES;
				CLANG_WARN_DEPRECATED_OBJC_IMPLEMENTATIONS = YES;
				CLANG_WARN_DIRECT_OBJC_ISA_USAGE = YES_ERROR;
				CLANG_WARN_DOCUMENTATION_COMMENTS = YES;
				CLANG_WARN_EMPTY_BODY = YES;
				CLANG_WARN_ENUM_CONVERSION = YES;
				CLANG_WARN_INFINITE_RECURSION = YES;
				CLANG_WARN_INT_CONVERSION = YES;
				CLANG_WARN_NON_LITERAL_NULL_CONVERSION = YES;
				CLANG_WARN_OBJC_IMPLICIT_RETAIN_SELF = YES;
				CLANG_WARN_OBJC_LITERAL_CONVERSION = YES;
				CLANG_WARN_OBJC_ROOT_CLASS = YES_ERROR;
				CLANG_WARN_RANGE_LOOP_ANALYSIS = YES;
				CLANG_WARN_STRICT_PROTOTYPES = YES;
				CLANG_WARN_SUSPICIOUS_MOVE = YES;
				CLANG_WARN_UNGUARDED_AVAILABILITY = YES_AGGRESSIVE;
				CLANG_WARN_UNREACHABLE_CODE = YES;
				CLANG_WARN__DUPLICATE_METHOD_MATCH = YES;
				COPY_PHASE_STRIP = NO;
				DEBUG_INFORMATION_FORMAT = dwarf;
				ENABLE_STRICT_OBJC_MSGSEND = YES;
				ENABLE_TESTABILITY = YES;
				GCC_C_LANGUAGE_STANDARD = gnu11;
				GCC_DYNAMIC_NO_PIC = NO;
				GCC_NO_COMMON_BLOCKS = YES;
				GCC_OPTIMIZATION_LEVEL = 0;
				GCC_PREPROCESSOR_DEFINITIONS = (
					"DEBUG=1",
					"$(inherited)",
				);
				GCC_WARN_64_TO_32_BIT_CONVERSION = YES;
				GCC_WARN_ABOUT_RETURN_TYPE = YES_ERROR;
				GCC_WARN_UNDECLARED_SELECTOR = YES;
				GCC_WARN_UNINITIALIZED_AUTOS = YES_AGGRESSIVE;
				GCC_WARN_UNUSED_FUNCTION = YES;
				GCC_WARN_UNUSED_VARIABLE = YES;
				IPHONEOS_DEPLOYMENT_TARGET = 13.3;
				MTL_ENABLE_DEBUG_INFO = INCLUDE_SOURCE;
				MTL_FAST_MATH = YES;
				ONLY_ACTIVE_ARCH = YES;
				SDKROOT = iphoneos;
				SWIFT_ACTIVE_COMPILATION_CONDITIONS = DEBUG;
				SWIFT_OPTIMIZATION_LEVEL = "-Onone";
			};
			name = Debug;
		};
		A098DF9C24A3237D009E6685 /* Release */ = {
			isa = XCBuildConfiguration;
			buildSettings = {
				ALWAYS_SEARCH_USER_PATHS = NO;
				CLANG_ANALYZER_NONNULL = YES;
				CLANG_ANALYZER_NUMBER_OBJECT_CONVERSION = YES_AGGRESSIVE;
				CLANG_CXX_LANGUAGE_STANDARD = "gnu++14";
				CLANG_CXX_LIBRARY = "libc++";
				CLANG_ENABLE_MODULES = YES;
				CLANG_ENABLE_OBJC_ARC = YES;
				CLANG_ENABLE_OBJC_WEAK = YES;
				CLANG_WARN_BLOCK_CAPTURE_AUTORELEASING = YES;
				CLANG_WARN_BOOL_CONVERSION = YES;
				CLANG_WARN_COMMA = YES;
				CLANG_WARN_CONSTANT_CONVERSION = YES;
				CLANG_WARN_DEPRECATED_OBJC_IMPLEMENTATIONS = YES;
				CLANG_WARN_DIRECT_OBJC_ISA_USAGE = YES_ERROR;
				CLANG_WARN_DOCUMENTATION_COMMENTS = YES;
				CLANG_WARN_EMPTY_BODY = YES;
				CLANG_WARN_ENUM_CONVERSION = YES;
				CLANG_WARN_INFINITE_RECURSION = YES;
				CLANG_WARN_INT_CONVERSION = YES;
				CLANG_WARN_NON_LITERAL_NULL_CONVERSION = YES;
				CLANG_WARN_OBJC_IMPLICIT_RETAIN_SELF = YES;
				CLANG_WARN_OBJC_LITERAL_CONVERSION = YES;
				CLANG_WARN_OBJC_ROOT_CLASS = YES_ERROR;
				CLANG_WARN_RANGE_LOOP_ANALYSIS = YES;
				CLANG_WARN_STRICT_PROTOTYPES = YES;
				CLANG_WARN_SUSPICIOUS_MOVE = YES;
				CLANG_WARN_UNGUARDED_AVAILABILITY = YES_AGGRESSIVE;
				CLANG_WARN_UNREACHABLE_CODE = YES;
				CLANG_WARN__DUPLICATE_METHOD_MATCH = YES;
				COPY_PHASE_STRIP = NO;
				DEBUG_INFORMATION_FORMAT = "dwarf-with-dsym";
				ENABLE_NS_ASSERTIONS = NO;
				ENABLE_STRICT_OBJC_MSGSEND = YES;
				GCC_C_LANGUAGE_STANDARD = gnu11;
				GCC_NO_COMMON_BLOCKS = YES;
				GCC_WARN_64_TO_32_BIT_CONVERSION = YES;
				GCC_WARN_ABOUT_RETURN_TYPE = YES_ERROR;
				GCC_WARN_UNDECLARED_SELECTOR = YES;
				GCC_WARN_UNINITIALIZED_AUTOS = YES_AGGRESSIVE;
				GCC_WARN_UNUSED_FUNCTION = YES;
				GCC_WARN_UNUSED_VARIABLE = YES;
				IPHONEOS_DEPLOYMENT_TARGET = 13.3;
				MTL_ENABLE_DEBUG_INFO = NO;
				MTL_FAST_MATH = YES;
				SDKROOT = iphoneos;
				SWIFT_COMPILATION_MODE = wholemodule;
				SWIFT_OPTIMIZATION_LEVEL = "-O";
				VALIDATE_PRODUCT = YES;
			};
			name = Release;
		};
		A098DF9E24A3237D009E6685 /* Debug */ = {
			isa = XCBuildConfiguration;
			buildSettings = {
				ASSETCATALOG_COMPILER_APPICON_NAME = AppIcon;
				CODE_SIGN_STYLE = Automatic;
				DEVELOPMENT_TEAM = HGM5VL3Y73;
				INFOPLIST_FILE = SeeFood/Info.plist;
				IPHONEOS_DEPLOYMENT_TARGET = 13.3;
				LD_RUNPATH_SEARCH_PATHS = (
					"$(inherited)",
					"@executable_path/Frameworks",
				);
				PRODUCT_BUNDLE_IDENTIFIER = com.areej.fa.SeeFood;
				PRODUCT_NAME = "$(TARGET_NAME)";
				SWIFT_VERSION = 5.0;
				TARGETED_DEVICE_FAMILY = "1,2";
			};
			name = Debug;
		};
		A098DF9F24A3237D009E6685 /* Release */ = {
			isa = XCBuildConfiguration;
			buildSettings = {
				ASSETCATALOG_COMPILER_APPICON_NAME = AppIcon;
				CODE_SIGN_STYLE = Automatic;
				DEVELOPMENT_TEAM = HGM5VL3Y73;
				INFOPLIST_FILE = SeeFood/Info.plist;
				IPHONEOS_DEPLOYMENT_TARGET = 13.3;
				LD_RUNPATH_SEARCH_PATHS = (
					"$(inherited)",
					"@executable_path/Frameworks",
				);
				PRODUCT_BUNDLE_IDENTIFIER = com.areej.fa.SeeFood;
				PRODUCT_NAME = "$(TARGET_NAME)";
				SWIFT_VERSION = 5.0;
				TARGETED_DEVICE_FAMILY = "1,2";
			};
			name = Release;
		};
/* End XCBuildConfiguration section */

/* Begin XCConfigurationList section */
		A098DF8424A3237A009E6685 /* Build configuration list for PBXProject "SeeFood" */ = {
			isa = XCConfigurationList;
			buildConfigurations = (
				A098DF9B24A3237D009E6685 /* Debug */,
				A098DF9C24A3237D009E6685 /* Release */,
			);
			defaultConfigurationIsVisible = 0;
			defaultConfigurationName = Release;
		};
		A098DF9D24A3237D009E6685 /* Build configuration list for PBXNativeTarget "SeeFood" */ = {
			isa = XCConfigurationList;
			buildConfigurations = (
				A098DF9E24A3237D009E6685 /* Debug */,
				A098DF9F24A3237D009E6685 /* Release */,
			);
			defaultConfigurationIsVisible = 0;
			defaultConfigurationName = Release;
		};
/* End XCConfigurationList section */
	};
	rootObject = A098DF8124A3237A009E6685 /* Project object */;
}
